
Microsoft Visual Studio Solution File, Format Version 12.00
# Visual Studio Version 17
VisualStudioVersion = 17.0.31903.59
MinimumVisualStudioVersion = 10.0.40219.1
Project("{FAE04EC0-301F-11D3-BF4B-00C04F79EFBC}") = "Omnivus-2", "Omnivus-2\Omnivus-2.csproj", "{EE314852-A10B-4460-BAFB-0382B5A39992}"
EndProject
Global
	GlobalSection(SolutionConfigurationPlatforms) = preSolution
		Debug|Any CPU = Debug|Any CPU
		Release|Any CPU = Release|Any CPU
	EndGlobalSection
	GlobalSection(ProjectConfigurationPlatforms) = postSolution
		{EE314852-A10B-4460-BAFB-0382B5A39992}.Debug|Any CPU.ActiveCfg = Debug|Any CPU
		{EE314852-A10B-4460-BAFB-0382B5A39992}.Debug|Any CPU.Build.0 = Debug|Any CPU
		{EE314852-A10B-4460-BAFB-0382B5A39992}.Release|Any CPU.ActiveCfg = Release|Any CPU
		{EE314852-A10B-4460-BAFB-0382B5A39992}.Release|Any CPU.Build.0 = Release|Any CPU
	EndGlobalSection
	GlobalSection(SolutionProperties) = preSolution
		HideSolutionNode = FALSE
	EndGlobalSection
	GlobalSection(ExtensibilityGlobals) = postSolution
		SolutionGuid = {9C6232AF-958D-4A60-AE79-5901BFED3040}
	EndGlobalSection
EndGlobal
